
Microsoft Visual Studio Solution File, Format Version 12.00
# Visual Studio Version 17
VisualStudioVersion = 17.14.36616.10 d17.14
MinimumVisualStudioVersion = 10.0.40219.1
Project("{FAE04EC0-301F-11D3-BF4B-00C04F79EFBC}") = "RequestSystem", "RequestSystem\RequestSystem.csproj", "{9EBD9077-1D05-4F4D-B417-C4033EA69698}"
EndProject
Project("{FAE04EC0-301F-11D3-BF4B-00C04F79EFBC}") = "Data", "Data\Data.csproj", "{F1F579D2-6489-45A7-8768-F802C9AD6769}"
EndProject
Project("{FAE04EC0-301F-11D3-BF4B-00C04F79EFBC}") = "Models", "Models\Models.csproj", "{90BFBA08-6BD8-4199-BCB9-F0C4D0F77F59}"
EndProject
Global
	GlobalSection(SolutionConfigurationPlatforms) = preSolution
		Debug|Any CPU = Debug|Any CPU
		Release|Any CPU = Release|Any CPU
	EndGlobalSection
	GlobalSection(ProjectConfigurationPlatforms) = postSolution
		{9EBD9077-1D05-4F4D-B417-C4033EA69698}.Debug|Any CPU.ActiveCfg = Debug|Any CPU
		{9EBD9077-1D05-4F4D-B417-C4033EA69698}.Debug|Any CPU.Build.0 = Debug|Any CPU
		{9EBD9077-1D05-4F4D-B417-C4033EA69698}.Release|Any CPU.ActiveCfg = Release|Any CPU
		{9EBD9077-1D05-4F4D-B417-C4033EA69698}.Release|Any CPU.Build.0 = Release|Any CPU
		{F1F579D2-6489-45A7-8768-F802C9AD6769}.Debug|Any CPU.ActiveCfg = Debug|Any CPU
		{F1F579D2-6489-45A7-8768-F802C9AD6769}.Debug|Any CPU.Build.0 = Debug|Any CPU
		{F1F579D2-6489-45A7-8768-F802C9AD6769}.Release|Any CPU.ActiveCfg = Release|Any CPU
		{F1F579D2-6489-45A7-8768-F802C9AD6769}.Release|Any CPU.Build.0 = Release|Any CPU
		{90BFBA08-6BD8-4199-BCB9-F0C4D0F77F59}.Debug|Any CPU.ActiveCfg = Debug|Any CPU
		{90BFBA08-6BD8-4199-BCB9-F0C4D0F77F59}.Debug|Any CPU.Build.0 = Debug|Any CPU
		{90BFBA08-6BD8-4199-BCB9-F0C4D0F77F59}.Release|Any CPU.ActiveCfg = Release|Any CPU
		{90BFBA08-6BD8-4199-BCB9-F0C4D0F77F59}.Release|Any CPU.Build.0 = Release|Any CPU
	EndGlobalSection
	GlobalSection(SolutionProperties) = preSolution
		HideSolutionNode = FALSE
	EndGlobalSection
	GlobalSection(ExtensibilityGlobals) = postSolution
		SolutionGuid = {77EBF962-04FC-4AD1-AF28-8B10E9743CAC}
	EndGlobalSection
EndGlobal
